{
  "R": {
    "Version": "4.5.1",
    "Repositories": [
      {
        "Name": "CRAN",
        "URL": "https://cran.rstudio.com"
      }
    ]
  },
  "Packages": {
    "jsonlite": {
      "Package": "jsonlite",
      "Version": "2.0.0",
      "Source": "Repository",
      "Title": "A Simple and Robust JSON Parser and Generator for R",
      "License": "MIT + file LICENSE",
      "Depends": [
        "methods"
      ],
      "Authors@R": "c( person(\"Jeroen\", \"Ooms\", role = c(\"aut\", \"cre\"), email = \"jeroenooms@gmail.com\", comment = c(ORCID = \"0000-0002-4035-0289\")), person(\"Duncan\", \"Temple Lang\", role = \"ctb\"), person(\"Lloyd\", \"Hilaiel\", role = \"cph\", comment=\"author of bundled libyajl\"))",
      "URL": "https://jeroen.r-universe.dev/jsonlite https://arxiv.org/abs/1403.2805",
      "BugReports": "https://github.com/jeroen/jsonlite/issues",
      "Maintainer": "Jeroen Ooms <jeroenooms@gmail.com>",
      "VignetteBuilder": "knitr, R.rsp",
      "Description": "A reasonably fast JSON parser and generator, optimized for statistical  data and the web. Offers simple, flexible tools for working with JSON in R, and is particularly powerful for building pipelines and interacting with a web API.  The implementation is based on the mapping described in the vignette (Ooms, 2014). In addition to converting JSON data from/to R objects, 'jsonlite' contains  functions to stream, validate, and prettify JSON data. The unit tests included  with the package verify that all edge cases are encoded and decoded consistently  for use with dynamic data in systems and applications.",
      "Suggests": [
        "httr",
        "vctrs",
        "testthat",
        "knitr",
        "rmarkdown",
        "R.rsp",
        "sf"
      ],
      "RoxygenNote": "7.3.2",
      "Encoding": "UTF-8",
      "NeedsCompilation": "yes",
      "Author": "Jeroen Ooms [aut, cre] (<https://orcid.org/0000-0002-4035-0289>), Duncan Temple Lang [ctb], Lloyd Hilaiel [cph] (author of bundled libyajl)",
      "Repository": "CRAN"
    },
    "renv": {
      "Package": "renv",
      "Version": "1.1.5",
      "Source": "Repository",
      "Type": "Package",
      "Title": "Project Environments",
      "Authors@R": "c( person(\"Kevin\", \"Ushey\", role = c(\"aut\", \"cre\"), email = \"kevin@rstudio.com\", comment = c(ORCID = \"0000-0003-2880-7407\")), person(\"Hadley\", \"Wickham\", role = c(\"aut\"), email = \"hadley@rstudio.com\", comment = c(ORCID = \"0000-0003-4757-117X\")), person(\"Posit Software, PBC\", role = c(\"cph\", \"fnd\")) )",
      "Description": "A dependency management toolkit for R. Using 'renv', you can create and manage project-local R libraries, save the state of these libraries to a 'lockfile', and later restore your library as required. Together, these tools can help make your projects more isolated, portable, and reproducible.",
      "License": "MIT + file LICENSE",
      "URL": "https://rstudio.github.io/renv/, https://github.com/rstudio/renv",
      "BugReports": "https://github.com/rstudio/renv/issues",
      "Imports": [
        "utils"
      ],
      "Suggests": [
        "BiocManager",
        "cli",
        "compiler",
        "covr",
        "cpp11",
        "devtools",
        "generics",
        "gitcreds",
        "jsonlite",
        "jsonvalidate",
        "knitr",
        "miniUI",
        "modules",
        "packrat",
        "pak",
        "R6",
        "remotes",
        "reticulate",
        "rmarkdown",
        "rstudioapi",
        "shiny",
        "testthat",
        "uuid",
        "waldo",
        "yaml",
        "webfakes"
      ],
      "Encoding": "UTF-8",
      "RoxygenNote": "7.3.2",
      "VignetteBuilder": "knitr",
      "Config/Needs/website": "tidyverse/tidytemplate",
      "Config/testthat/edition": "3",
      "Config/testthat/parallel": "true",
      "Config/testthat/start-first": "bioconductor,python,install,restore,snapshot,retrieve,remotes",
      "NeedsCompilation": "no",
      "Author": "Kevin Ushey [aut, cre] (ORCID: <https://orcid.org/0000-0003-2880-7407>), Hadley Wickham [aut] (ORCID: <https://orcid.org/0000-0003-4757-117X>), Posit Software, PBC [cph, fnd]",
      "Maintainer": "Kevin Ushey <kevin@rstudio.com>",
      "Repository": "CRAN"
    }
  }
}
